
Microsoft Visual Studio Solution File, Format Version 12.00
# Visual Studio Version 17
VisualStudioVersion = 17.0.32112.339
MinimumVisualStudioVersion = 10.0.40219.1
Project("{FAE04EC0-301F-11D3-BF4B-00C04F79EFBC}") = "SalesManagementControl", "SalesManagementControl\SalesManagementControl.csproj", "{2DEB0B46-74BC-451E-A136-20F00CFFE56E}"
EndProject
Global
	GlobalSection(SolutionConfigurationPlatforms) = preSolution
		Debug|Any CPU = Debug|Any CPU
		Release|Any CPU = Release|Any CPU
	EndGlobalSection
	GlobalSection(ProjectConfigurationPlatforms) = postSolution
		{2DEB0B46-74BC-451E-A136-20F00CFFE56E}.Debug|Any CPU.ActiveCfg = Debug|Any CPU
		{2DEB0B46-74BC-451E-A136-20F00CFFE56E}.Debug|Any CPU.Build.0 = Debug|Any CPU
		{2DEB0B46-74BC-451E-A136-20F00CFFE56E}.Release|Any CPU.ActiveCfg = Release|Any CPU
		{2DEB0B46-74BC-451E-A136-20F00CFFE56E}.Release|Any CPU.Build.0 = Release|Any CPU
	EndGlobalSection
	GlobalSection(SolutionProperties) = preSolution
		HideSolutionNode = FALSE
	EndGlobalSection
	GlobalSection(ExtensibilityGlobals) = postSolution
		SolutionGuid = {9A689C87-82AF-48B5-BAEB-E3DC9E8C5989}
	EndGlobalSection
EndGlobal
